
Microsoft Visual Studio Solution File, Format Version 12.00
# Visual Studio Version 17
VisualStudioVersion = 17.11.35327.3
MinimumVisualStudioVersion = 10.0.40219.1
Project("{FAE04EC0-301F-11D3-BF4B-00C04F79EFBC}") = "ConsoleApp2", "ConsoleApp2.csproj", "{DF45F5B4-C437-494A-A600-AEA43D09FF01}"
EndProject
Global
	GlobalSection(SolutionConfigurationPlatforms) = preSolution
		Debug|Any CPU = Debug|Any CPU
		Release|Any CPU = Release|Any CPU
	EndGlobalSection
	GlobalSection(ProjectConfigurationPlatforms) = postSolution
		{DF45F5B4-C437-494A-A600-AEA43D09FF01}.Debug|Any CPU.ActiveCfg = Debug|Any CPU
		{DF45F5B4-C437-494A-A600-AEA43D09FF01}.Debug|Any CPU.Build.0 = Debug|Any CPU
		{DF45F5B4-C437-494A-A600-AEA43D09FF01}.Release|Any CPU.ActiveCfg = Release|Any CPU
		{DF45F5B4-C437-494A-A600-AEA43D09FF01}.Release|Any CPU.Build.0 = Release|Any CPU
	EndGlobalSection
	GlobalSection(SolutionProperties) = preSolution
		HideSolutionNode = FALSE
	EndGlobalSection
	GlobalSection(ExtensibilityGlobals) = postSolution
		SolutionGuid = {BAF3A87E-4AFB-4A5F-9781-4BC92C253705}
	EndGlobalSection
EndGlobal
